
Microsoft Visual Studio Solution File, Format Version 12.00
# Visual Studio Version 17
VisualStudioVersion = 17.13.35919.96
MinimumVisualStudioVersion = 10.0.40219.1
Project("{FAE04EC0-301F-11D3-BF4B-00C04F79EFBC}") = "Amigos", "Amigos.csproj", "{7CD5A3AA-2AE2-47B8-94D0-954C42C2BF3C}"
EndProject
Global
	GlobalSection(SolutionConfigurationPlatforms) = preSolution
		Debug|Any CPU = Debug|Any CPU
		Release|Any CPU = Release|Any CPU
	EndGlobalSection
	GlobalSection(ProjectConfigurationPlatforms) = postSolution
		{7CD5A3AA-2AE2-47B8-94D0-954C42C2BF3C}.Debug|Any CPU.ActiveCfg = Debug|Any CPU
		{7CD5A3AA-2AE2-47B8-94D0-954C42C2BF3C}.Debug|Any CPU.Build.0 = Debug|Any CPU
		{7CD5A3AA-2AE2-47B8-94D0-954C42C2BF3C}.Release|Any CPU.ActiveCfg = Release|Any CPU
		{7CD5A3AA-2AE2-47B8-94D0-954C42C2BF3C}.Release|Any CPU.Build.0 = Release|Any CPU
	EndGlobalSection
	GlobalSection(SolutionProperties) = preSolution
		HideSolutionNode = FALSE
	EndGlobalSection
	GlobalSection(ExtensibilityGlobals) = postSolution
		SolutionGuid = {256C4330-1E6C-46CF-A26A-43D21D7A1C96}
	EndGlobalSection
EndGlobal
